// !$*UTF8*$!
{
	archiveVersion = 1;
	classes = {
	};
	objectVersion = 50;
	objects = {

/* Begin PBXBuildFile section */
		ADCFE57423DC968200091F98 /* AppDelegate.swift in Sources */ = {isa = PBXBuildFile; fileRef = ADCFE57323DC968200091F98 /* AppDelegate.swift */; };
		ADCFE57D23DC968300091F98 /* Assets.xcassets in Resources */ = {isa = PBXBuildFile; fileRef = ADCFE57C23DC968300091F98 /* Assets.xcassets */; };
		ADCFE58023DC968300091F98 /* LaunchScreen.storyboard in Resources */ = {isa = PBXBuildFile; fileRef = ADCFE57E23DC968300091F98 /* LaunchScreen.storyboard */; };
		ADCFE58B23DC968300091F98 /* stackoverflowusersTests.swift in Sources */ = {isa = PBXBuildFile; fileRef = ADCFE58A23DC968300091F98 /* stackoverflowusersTests.swift */; };
		ADCFE5A523DC9DA900091F98 /* UsersListViewControllerTableViewController.swift in Sources */ = {isa = PBXBuildFile; fileRef = ADCFE5A423DC9DA900091F98 /* UsersListViewControllerTableViewController.swift */; };
		ADCFE5A723DCA2E700091F98 /* UserListViewModel.swift in Sources */ = {isa = PBXBuildFile; fileRef = ADCFE5A623DCA2E700091F98 /* UserListViewModel.swift */; };
		ADCFE5A923DCAC7C00091F98 /* User.swift in Sources */ = {isa = PBXBuildFile; fileRef = ADCFE5A823DCAC7C00091F98 /* User.swift */; };
		ADCFE5AF23DCB08500091F98 /* NetworkModule.swift in Sources */ = {isa = PBXBuildFile; fileRef = ADCFE5AE23DCB08500091F98 /* NetworkModule.swift */; };
		ADCFE5B423DCDADA00091F98 /* Constants.swift in Sources */ = {isa = PBXBuildFile; fileRef = ADCFE5B323DCDADA00091F98 /* Constants.swift */; };
		ADF55FE023DD291100A08F23 /* UserListCoordinator.swift in Sources */ = {isa = PBXBuildFile; fileRef = ADF55FDF23DD291100A08F23 /* UserListCoordinator.swift */; };
		ADF55FE223DD2F2D00A08F23 /* Data.swift in Sources */ = {isa = PBXBuildFile; fileRef = ADF55FE123DD2F2D00A08F23 /* Data.swift */; };
		ADF55FE423DD2FA300A08F23 /* .swiftlint.yml in Resources */ = {isa = PBXBuildFile; fileRef = ADF55FE323DD2FA300A08F23 /* .swiftlint.yml */; };
		ADF55FE723DD36B700A08F23 /* UserTableViewCell.swift in Sources */ = {isa = PBXBuildFile; fileRef = ADF55FE623DD36B700A08F23 /* UserTableViewCell.swift */; };
		ADF55FE923DD3A4200A08F23 /* UserTableViewCellViewModel.swift in Sources */ = {isa = PBXBuildFile; fileRef = ADF55FE823DD3A4200A08F23 /* UserTableViewCellViewModel.swift */; };
		ADF55FEB23DD3EDA00A08F23 /* UserListSsrvice.swift in Sources */ = {isa = PBXBuildFile; fileRef = ADF55FEA23DD3EDA00A08F23 /* UserListSsrvice.swift */; };
		ADF55FED23DD4DFE00A08F23 /* ImageFetchingService.swift in Sources */ = {isa = PBXBuildFile; fileRef = ADF55FEC23DD4DFE00A08F23 /* ImageFetchingService.swift */; };
/* End PBXBuildFile section */

/* Begin PBXContainerItemProxy section */
		ADCFE58723DC968300091F98 /* PBXContainerItemProxy */ = {
			isa = PBXContainerItemProxy;
			containerPortal = ADCFE56823DC968200091F98 /* Project object */;
			proxyType = 1;
			remoteGlobalIDString = ADCFE56F23DC968200091F98;
			remoteInfo = stackoverflowusers;
		};
/* End PBXContainerItemProxy section */

/* Begin PBXFileReference section */
		ADCFE57023DC968200091F98 /* stackoverflowusers.app */ = {isa = PBXFileReference; explicitFileType = wrapper.application; includeInIndex = 0; path = stackoverflowusers.app; sourceTree = BUILT_PRODUCTS_DIR; };
		ADCFE57323DC968200091F98 /* AppDelegate.swift */ = {isa = PBXFileReference; lastKnownFileType = sourcecode.swift; path = AppDelegate.swift; sourceTree = "<group>"; };
		ADCFE57C23DC968300091F98 /* Assets.xcassets */ = {isa = PBXFileReference; lastKnownFileType = folder.assetcatalog; path = Assets.xcassets; sourceTree = "<group>"; };
		ADCFE57F23DC968300091F98 /* Base */ = {isa = PBXFileReference; lastKnownFileType = file.storyboard; name = Base; path = Base.lproj/LaunchScreen.storyboard; sourceTree = "<group>"; };
		ADCFE58123DC968300091F98 /* Info.plist */ = {isa = PBXFileReference; lastKnownFileType = text.plist.xml; path = Info.plist; sourceTree = "<group>"; };
		ADCFE58623DC968300091F98 /* stackoverflowusersTests.xctest */ = {isa = PBXFileReference; explicitFileType = wrapper.cfbundle; includeInIndex = 0; path = stackoverflowusersTests.xctest; sourceTree = BUILT_PRODUCTS_DIR; };
		ADCFE58A23DC968300091F98 /* stackoverflowusersTests.swift */ = {isa = PBXFileReference; lastKnownFileType = sourcecode.swift; path = stackoverflowusersTests.swift; sourceTree = "<group>"; };
		ADCFE58C23DC968300091F98 /* Info.plist */ = {isa = PBXFileReference; lastKnownFileType = text.plist.xml; path = Info.plist; sourceTree = "<group>"; };
		ADCFE5A423DC9DA900091F98 /* UsersListViewControllerTableViewController.swift */ = {isa = PBXFileReference; lastKnownFileType = sourcecode.swift; path = UsersListViewControllerTableViewController.swift; sourceTree = "<group>"; };
		ADCFE5A623DCA2E700091F98 /* UserListViewModel.swift */ = {isa = PBXFileReference; lastKnownFileType = sourcecode.swift; path = UserListViewModel.swift; sourceTree = "<group>"; };
		ADCFE5A823DCAC7C00091F98 /* User.swift */ = {isa = PBXFileReference; lastKnownFileType = sourcecode.swift; path = User.swift; sourceTree = "<group>"; };
		ADCFE5AE23DCB08500091F98 /* NetworkModule.swift */ = {isa = PBXFileReference; lastKnownFileType = sourcecode.swift; path = NetworkModule.swift; sourceTree = "<group>"; };
		ADCFE5B323DCDADA00091F98 /* Constants.swift */ = {isa = PBXFileReference; lastKnownFileType = sourcecode.swift; path = Constants.swift; sourceTree = "<group>"; };
		ADF55FDF23DD291100A08F23 /* UserListCoordinator.swift */ = {isa = PBXFileReference; lastKnownFileType = sourcecode.swift; path = UserListCoordinator.swift; sourceTree = "<group>"; };
		ADF55FE123DD2F2D00A08F23 /* Data.swift */ = {isa = PBXFileReference; lastKnownFileType = sourcecode.swift; path = Data.swift; sourceTree = "<group>"; };
		ADF55FE323DD2FA300A08F23 /* .swiftlint.yml */ = {isa = PBXFileReference; fileEncoding = 4; lastKnownFileType = text.yaml; path = .swiftlint.yml; sourceTree = "<group>"; };
		ADF55FE623DD36B700A08F23 /* UserTableViewCell.swift */ = {isa = PBXFileReference; lastKnownFileType = sourcecode.swift; path = UserTableViewCell.swift; sourceTree = "<group>"; };
		ADF55FE823DD3A4200A08F23 /* UserTableViewCellViewModel.swift */ = {isa = PBXFileReference; lastKnownFileType = sourcecode.swift; path = UserTableViewCellViewModel.swift; sourceTree = "<group>"; };
		ADF55FEA23DD3EDA00A08F23 /* UserListSsrvice.swift */ = {isa = PBXFileReference; lastKnownFileType = sourcecode.swift; path = UserListSsrvice.swift; sourceTree = "<group>"; };
		ADF55FEC23DD4DFE00A08F23 /* ImageFetchingService.swift */ = {isa = PBXFileReference; lastKnownFileType = sourcecode.swift; path = ImageFetchingService.swift; sourceTree = "<group>"; };
/* End PBXFileReference section */

/* Begin PBXFrameworksBuildPhase section */
		ADCFE56D23DC968200091F98 /* Frameworks */ = {
			isa = PBXFrameworksBuildPhase;
			buildActionMask = 2147483647;
			files = (
			);
			runOnlyForDeploymentPostprocessing = 0;
		};
		ADCFE58323DC968300091F98 /* Frameworks */ = {
			isa = PBXFrameworksBuildPhase;
			buildActionMask = 2147483647;
			files = (
			);
			runOnlyForDeploymentPostprocessing = 0;
		};
/* End PBXFrameworksBuildPhase section */

/* Begin PBXGroup section */
		ADCFE56723DC968200091F98 = {
			isa = PBXGroup;
			children = (
				ADCFE57223DC968200091F98 /* stackoverflowusers */,
				ADCFE58923DC968300091F98 /* stackoverflowusersTests */,
				ADCFE57123DC968200091F98 /* Products */,
				ADF55FE323DD2FA300A08F23 /* .swiftlint.yml */,
			);
			sourceTree = "<group>";
		};
		ADCFE57123DC968200091F98 /* Products */ = {
			isa = PBXGroup;
			children = (
				ADCFE57023DC968200091F98 /* stackoverflowusers.app */,
				ADCFE58623DC968300091F98 /* stackoverflowusersTests.xctest */,
			);
			name = Products;
			sourceTree = "<group>";
		};
		ADCFE57223DC968200091F98 /* stackoverflowusers */ = {
			isa = PBXGroup;
			children = (
				ADCFE5B223DCD36400091F98 /* Extensions */,
				ADCFE57323DC968200091F98 /* AppDelegate.swift */,
				ADCFE58123DC968300091F98 /* Info.plist */,
				ADCFE5A123DC9AF600091F98 /* Services */,
				ADCFE59823DC989000091F98 /* Models */,
				ADCFE59D23DC9A1E00091F98 /* Scenes */,
				ADCFE59523DC987C00091F98 /* Resources */,
				ADCFE57E23DC968300091F98 /* LaunchScreen.storyboard */,
				ADF55FDF23DD291100A08F23 /* UserListCoordinator.swift */,
			);
			path = stackoverflowusers;
			sourceTree = "<group>";
		};
		ADCFE58923DC968300091F98 /* stackoverflowusersTests */ = {
			isa = PBXGroup;
			children = (
				ADCFE58A23DC968300091F98 /* stackoverflowusersTests.swift */,
				ADCFE58C23DC968300091F98 /* Info.plist */,
			);
			path = stackoverflowusersTests;
			sourceTree = "<group>";
		};
		ADCFE59523DC987C00091F98 /* Resources */ = {
			isa = PBXGroup;
			children = (
				ADCFE57C23DC968300091F98 /* Assets.xcassets */,
			);
			path = Resources;
			sourceTree = "<group>";
		};
		ADCFE59823DC989000091F98 /* Models */ = {
			isa = PBXGroup;
			children = (
				ADCFE5A823DCAC7C00091F98 /* User.swift */,
			);
			path = Models;
			sourceTree = "<group>";
		};
		ADCFE59923DC989400091F98 /* View */ = {
			isa = PBXGroup;
			children = (
				ADCFE5A423DC9DA900091F98 /* UsersListViewControllerTableViewController.swift */,
				ADF55FE623DD36B700A08F23 /* UserTableViewCell.swift */,
			);
			path = View;
			sourceTree = "<group>";
		};
		ADCFE59D23DC9A1E00091F98 /* Scenes */ = {
			isa = PBXGroup;
			children = (
				ADCFE59E23DC9A3800091F98 /* UsersList */,
			);
			path = Scenes;
			sourceTree = "<group>";
		};
		ADCFE59E23DC9A3800091F98 /* UsersList */ = {
			isa = PBXGroup;
			children = (
				ADCFE59F23DC9A7100091F98 /* ViewModel */,
				ADCFE59923DC989400091F98 /* View */,
			);
			path = UsersList;
			sourceTree = "<group>";
		};
		ADCFE59F23DC9A7100091F98 /* ViewModel */ = {
			isa = PBXGroup;
			children = (
				ADCFE5A623DCA2E700091F98 /* UserListViewModel.swift */,
				ADF55FE823DD3A4200A08F23 /* UserTableViewCellViewModel.swift */,
			);
			path = ViewModel;
			sourceTree = "<group>";
		};
		ADCFE5A123DC9AF600091F98 /* Services */ = {
			isa = PBXGroup;
			children = (
				ADCFE5B323DCDADA00091F98 /* Constants.swift */,
				ADCFE5AE23DCB08500091F98 /* NetworkModule.swift */,
				ADCFE5AA23DCB03D00091F98 /* StackOverflow */,
			);
			path = Services;
			sourceTree = "<group>";
		};
		ADCFE5AA23DCB03D00091F98 /* StackOverflow */ = {
			isa = PBXGroup;
			children = (
				ADF55FEA23DD3EDA00A08F23 /* UserListSsrvice.swift */,
				ADF55FEC23DD4DFE00A08F23 /* ImageFetchingService.swift */,
			);
			path = StackOverflow;
			sourceTree = "<group>";
		};
		ADCFE5B223DCD36400091F98 /* Extensions */ = {
			isa = PBXGroup;
			children = (
				ADF55FE123DD2F2D00A08F23 /* Data.swift */,
			);
			path = Extensions;
			sourceTree = "<group>";
		};
/* End PBXGroup section */

/* Begin PBXNativeTarget section */
		ADCFE56F23DC968200091F98 /* stackoverflowusers */ = {
			isa = PBXNativeTarget;
			buildConfigurationList = ADCFE58F23DC968300091F98 /* Build configuration list for PBXNativeTarget "stackoverflowusers" */;
			buildPhases = (
				ADCFE56C23DC968200091F98 /* Sources */,
				ADCFE56D23DC968200091F98 /* Frameworks */,
				ADCFE56E23DC968200091F98 /* Resources */,
				ADF55FE523DD2FC900A08F23 /* Swiftlint */,
			);
			buildRules = (
			);
			dependencies = (
			);
			name = stackoverflowusers;
			productName = stackoverflowusers;
			productReference = ADCFE57023DC968200091F98 /* stackoverflowusers.app */;
			productType = "com.apple.product-type.application";
		};
		ADCFE58523DC968300091F98 /* stackoverflowusersTests */ = {
			isa = PBXNativeTarget;
			buildConfigurationList = ADCFE59223DC968300091F98 /* Build configuration list for PBXNativeTarget "stackoverflowusersTests" */;
			buildPhases = (
				ADCFE58223DC968300091F98 /* Sources */,
				ADCFE58323DC968300091F98 /* Frameworks */,
				ADCFE58423DC968300091F98 /* Resources */,
			);
			buildRules = (
			);
			dependencies = (
				ADCFE58823DC968300091F98 /* PBXTargetDependency */,
			);
			name = stackoverflowusersTests;
			productName = stackoverflowusersTests;
			productReference = ADCFE58623DC968300091F98 /* stackoverflowusersTests.xctest */;
			productType = "com.apple.product-type.bundle.unit-test";
		};
/* End PBXNativeTarget section */

/* Begin PBXProject section */
		ADCFE56823DC968200091F98 /* Project object */ = {
			isa = PBXProject;
			attributes = {
				LastSwiftUpdateCheck = 1130;
				LastUpgradeCheck = 1130;
				ORGANIZATIONNAME = "Afonso Coelho";
				TargetAttributes = {
					ADCFE56F23DC968200091F98 = {
						CreatedOnToolsVersion = 11.3;
					};
					ADCFE58523DC968300091F98 = {
						CreatedOnToolsVersion = 11.3;
						TestTargetID = ADCFE56F23DC968200091F98;
					};
				};
			};
			buildConfigurationList = ADCFE56B23DC968200091F98 /* Build configuration list for PBXProject "stackoverflowusers" */;
			compatibilityVersion = "Xcode 9.3";
			developmentRegion = en;
			hasScannedForEncodings = 0;
			knownRegions = (
				en,
				Base,
			);
			mainGroup = ADCFE56723DC968200091F98;
			productRefGroup = ADCFE57123DC968200091F98 /* Products */;
			projectDirPath = "";
			projectRoot = "";
			targets = (
				ADCFE56F23DC968200091F98 /* stackoverflowusers */,
				ADCFE58523DC968300091F98 /* stackoverflowusersTests */,
			);
		};
/* End PBXProject section */

/* Begin PBXResourcesBuildPhase section */
		ADCFE56E23DC968200091F98 /* Resources */ = {
			isa = PBXResourcesBuildPhase;
			buildActionMask = 2147483647;
			files = (
				ADF55FE423DD2FA300A08F23 /* .swiftlint.yml in Resources */,
				ADCFE58023DC968300091F98 /* LaunchScreen.storyboard in Resources */,
				ADCFE57D23DC968300091F98 /* Assets.xcassets in Resources */,
			);
			runOnlyForDeploymentPostprocessing = 0;
		};
		ADCFE58423DC968300091F98 /* Resources */ = {
			isa = PBXResourcesBuildPhase;
			buildActionMask = 2147483647;
			files = (
			);
			runOnlyForDeploymentPostprocessing = 0;
		};
/* End PBXResourcesBuildPhase section */

/* Begin PBXShellScriptBuildPhase section */
		ADF55FE523DD2FC900A08F23 /* Swiftlint */ = {
			isa = PBXShellScriptBuildPhase;
			buildActionMask = 2147483647;
			files = (
			);
			inputFileListPaths = (
			);
			inputPaths = (
			);
			name = Swiftlint;
			outputFileListPaths = (
			);
			outputPaths = (
			);
			runOnlyForDeploymentPostprocessing = 0;
			shellPath = /bin/sh;
			shellScript = "#if which swiftlint >/dev/null; then\n    #swiftlint autocorrect\n    #swiftlint\n#else\n    #echo \"warning: SwiftLint not installed, download from https://github.com/realm/SwiftLint\"\n#fi\n";
		};
/* End PBXShellScriptBuildPhase section */

/* Begin PBXSourcesBuildPhase section */
		ADCFE56C23DC968200091F98 /* Sources */ = {
			isa = PBXSourcesBuildPhase;
			buildActionMask = 2147483647;
			files = (
				ADF55FE923DD3A4200A08F23 /* UserTableViewCellViewModel.swift in Sources */,
				ADCFE57423DC968200091F98 /* AppDelegate.swift in Sources */,
				ADF55FEB23DD3EDA00A08F23 /* UserListSsrvice.swift in Sources */,
				ADCFE5AF23DCB08500091F98 /* NetworkModule.swift in Sources */,
				ADCFE5A723DCA2E700091F98 /* UserListViewModel.swift in Sources */,
				ADCFE5A523DC9DA900091F98 /* UsersListViewControllerTableViewController.swift in Sources */,
				ADF55FE023DD291100A08F23 /* UserListCoordinator.swift in Sources */,
				ADCFE5B423DCDADA00091F98 /* Constants.swift in Sources */,
				ADF55FE223DD2F2D00A08F23 /* Data.swift in Sources */,
				ADF55FED23DD4DFE00A08F23 /* ImageFetchingService.swift in Sources */,
				ADF55FE723DD36B700A08F23 /* UserTableViewCell.swift in Sources */,
				ADCFE5A923DCAC7C00091F98 /* User.swift in Sources */,
			);
			runOnlyForDeploymentPostprocessing = 0;
		};
		ADCFE58223DC968300091F98 /* Sources */ = {
			isa = PBXSourcesBuildPhase;
			buildActionMask = 2147483647;
			files = (
				ADCFE58B23DC968300091F98 /* stackoverflowusersTests.swift in Sources */,
			);
			runOnlyForDeploymentPostprocessing = 0;
		};
/* End PBXSourcesBuildPhase section */

/* Begin PBXTargetDependency section */
		ADCFE58823DC968300091F98 /* PBXTargetDependency */ = {
			isa = PBXTargetDependency;
			target = ADCFE56F23DC968200091F98 /* stackoverflowusers */;
			targetProxy = ADCFE58723DC968300091F98 /* PBXContainerItemProxy */;
		};
/* End PBXTargetDependency section */

/* Begin PBXVariantGroup section */
		ADCFE57E23DC968300091F98 /* LaunchScreen.storyboard */ = {
			isa = PBXVariantGroup;
			children = (
				ADCFE57F23DC968300091F98 /* Base */,
			);
			name = LaunchScreen.storyboard;
			sourceTree = "<group>";
		};
/* End PBXVariantGroup section */

/* Begin XCBuildConfiguration section */
		ADCFE58D23DC968300091F98 /* Debug */ = {
			isa = XCBuildConfiguration;
			buildSettings = {
				ALWAYS_SEARCH_USER_PATHS = NO;
				CLANG_ANALYZER_NONNULL = YES;
				CLANG_ANALYZER_NUMBER_OBJECT_CONVERSION = YES_AGGRESSIVE;
				CLANG_CXX_LANGUAGE_STANDARD = "gnu++14";
				CLANG_CXX_LIBRARY = "libc++";
				CLANG_ENABLE_MODULES = YES;
				CLANG_ENABLE_OBJC_ARC = YES;
				CLANG_ENABLE_OBJC_WEAK = YES;
				CLANG_WARN_BLOCK_CAPTURE_AUTORELEASING = YES;
				CLANG_WARN_BOOL_CONVERSION = YES;
				CLANG_WARN_COMMA = YES;
				CLANG_WARN_CONSTANT_CONVERSION = YES;
				CLANG_WARN_DEPRECATED_OBJC_IMPLEMENTATIONS = YES;
				CLANG_WARN_DIRECT_OBJC_ISA_USAGE = YES_ERROR;
				CLANG_WARN_DOCUMENTATION_COMMENTS = YES;
				CLANG_WARN_EMPTY_BODY = YES;
				CLANG_WARN_ENUM_CONVERSION = YES;
				CLANG_WARN_INFINITE_RECURSION = YES;
				CLANG_WARN_INT_CONVERSION = YES;
				CLANG_WARN_NON_LITERAL_NULL_CONVERSION = YES;
				CLANG_WARN_OBJC_IMPLICIT_RETAIN_SELF = YES;
				CLANG_WARN_OBJC_LITERAL_CONVERSION = YES;
				CLANG_WARN_OBJC_ROOT_CLASS = YES_ERROR;
				CLANG_WARN_RANGE_LOOP_ANALYSIS = YES;
				CLANG_WARN_STRICT_PROTOTYPES = YES;
				CLANG_WARN_SUSPICIOUS_MOVE = YES;
				CLANG_WARN_UNGUARDED_AVAILABILITY = YES_AGGRESSIVE;
				CLANG_WARN_UNREACHABLE_CODE = YES;
				CLANG_WARN__DUPLICATE_METHOD_MATCH = YES;
				COPY_PHASE_STRIP = NO;
				DEBUG_INFORMATION_FORMAT = dwarf;
				ENABLE_STRICT_OBJC_MSGSEND = YES;
				ENABLE_TESTABILITY = YES;
				GCC_C_LANGUAGE_STANDARD = gnu11;
				GCC_DYNAMIC_NO_PIC = NO;
				GCC_NO_COMMON_BLOCKS = YES;
				GCC_OPTIMIZATION_LEVEL = 0;
				GCC_PREPROCESSOR_DEFINITIONS = (
					"DEBUG=1",
					"$(inherited)",
				);
				GCC_WARN_64_TO_32_BIT_CONVERSION = YES;
				GCC_WARN_ABOUT_RETURN_TYPE = YES_ERROR;
				GCC_WARN_UNDECLARED_SELECTOR = YES;
				GCC_WARN_UNINITIALIZED_AUTOS = YES_AGGRESSIVE;
				GCC_WARN_UNUSED_FUNCTION = YES;
				GCC_WARN_UNUSED_VARIABLE = YES;
				IPHONEOS_DEPLOYMENT_TARGET = 13.2;
				MTL_ENABLE_DEBUG_INFO = INCLUDE_SOURCE;
				MTL_FAST_MATH = YES;
				ONLY_ACTIVE_ARCH = YES;
				SDKROOT = iphoneos;
				SWIFT_ACTIVE_COMPILATION_CONDITIONS = DEBUG;
				SWIFT_OPTIMIZATION_LEVEL = "-Onone";
			};
			name = Debug;
		};
		ADCFE58E23DC968300091F98 /* Release */ = {
			isa = XCBuildConfiguration;
			buildSettings = {
				ALWAYS_SEARCH_USER_PATHS = NO;
				CLANG_ANALYZER_NONNULL = YES;
				CLANG_ANALYZER_NUMBER_OBJECT_CONVERSION = YES_AGGRESSIVE;
				CLANG_CXX_LANGUAGE_STANDARD = "gnu++14";
				CLANG_CXX_LIBRARY = "libc++";
				CLANG_ENABLE_MODULES = YES;
				CLANG_ENABLE_OBJC_ARC = YES;
				CLANG_ENABLE_OBJC_WEAK = YES;
				CLANG_WARN_BLOCK_CAPTURE_AUTORELEASING = YES;
				CLANG_WARN_BOOL_CONVERSION = YES;
				CLANG_WARN_COMMA = YES;
				CLANG_WARN_CONSTANT_CONVERSION = YES;
				CLANG_WARN_DEPRECATED_OBJC_IMPLEMENTATIONS = YES;
				CLANG_WARN_DIRECT_OBJC_ISA_USAGE = YES_ERROR;
				CLANG_WARN_DOCUMENTATION_COMMENTS = YES;
				CLANG_WARN_EMPTY_BODY = YES;
				CLANG_WARN_ENUM_CONVERSION = YES;
				CLANG_WARN_INFINITE_RECURSION = YES;
				CLANG_WARN_INT_CONVERSION = YES;
				CLANG_WARN_NON_LITERAL_NULL_CONVERSION = YES;
				CLANG_WARN_OBJC_IMPLICIT_RETAIN_SELF = YES;
				CLANG_WARN_OBJC_LITERAL_CONVERSION = YES;
				CLANG_WARN_OBJC_ROOT_CLASS = YES_ERROR;
				CLANG_WARN_RANGE_LOOP_ANALYSIS = YES;
				CLANG_WARN_STRICT_PROTOTYPES = YES;
				CLANG_WARN_SUSPICIOUS_MOVE = YES;
				CLANG_WARN_UNGUARDED_AVAILABILITY = YES_AGGRESSIVE;
				CLANG_WARN_UNREACHABLE_CODE = YES;
				CLANG_WARN__DUPLICATE_METHOD_MATCH = YES;
				COPY_PHASE_STRIP = NO;
				DEBUG_INFORMATION_FORMAT = "dwarf-with-dsym";
				ENABLE_NS_ASSERTIONS = NO;
				ENABLE_STRICT_OBJC_MSGSEND = YES;
				GCC_C_LANGUAGE_STANDARD = gnu11;
				GCC_NO_COMMON_BLOCKS = YES;
				GCC_WARN_64_TO_32_BIT_CONVERSION = YES;
				GCC_WARN_ABOUT_RETURN_TYPE = YES_ERROR;
				GCC_WARN_UNDECLARED_SELECTOR = YES;
				GCC_WARN_UNINITIALIZED_AUTOS = YES_AGGRESSIVE;
				GCC_WARN_UNUSED_FUNCTION = YES;
				GCC_WARN_UNUSED_VARIABLE = YES;
				IPHONEOS_DEPLOYMENT_TARGET = 13.2;
				MTL_ENABLE_DEBUG_INFO = NO;
				MTL_FAST_MATH = YES;
				SDKROOT = iphoneos;
				SWIFT_COMPILATION_MODE = wholemodule;
				SWIFT_OPTIMIZATION_LEVEL = "-O";
				VALIDATE_PRODUCT = YES;
			};
			name = Release;
		};
		ADCFE59023DC968300091F98 /* Debug */ = {
			isa = XCBuildConfiguration;
			buildSettings = {
				ASSETCATALOG_COMPILER_APPICON_NAME = AppIcon;
				CODE_SIGN_STYLE = Automatic;
				DEVELOPMENT_TEAM = 5G6UDVSSXP;
				INFOPLIST_FILE = stackoverflowusers/Info.plist;
				LD_RUNPATH_SEARCH_PATHS = (
					"$(inherited)",
					"@executable_path/Frameworks",
				);
				PRODUCT_BUNDLE_IDENTIFIER = com.afonsocoelho.stackoverflowusers;
				PRODUCT_NAME = "$(TARGET_NAME)";
				SWIFT_VERSION = 5.0;
				TARGETED_DEVICE_FAMILY = "1,2";
			};
			name = Debug;
		};
		ADCFE59123DC968300091F98 /* Release */ = {
			isa = XCBuildConfiguration;
			buildSettings = {
				ASSETCATALOG_COMPILER_APPICON_NAME = AppIcon;
				CODE_SIGN_STYLE = Automatic;
				DEVELOPMENT_TEAM = 5G6UDVSSXP;
				INFOPLIST_FILE = stackoverflowusers/Info.plist;
				LD_RUNPATH_SEARCH_PATHS = (
					"$(inherited)",
					"@executable_path/Frameworks",
				);
				PRODUCT_BUNDLE_IDENTIFIER = com.afonsocoelho.stackoverflowusers;
				PRODUCT_NAME = "$(TARGET_NAME)";
				SWIFT_VERSION = 5.0;
				TARGETED_DEVICE_FAMILY = "1,2";
			};
			name = Release;
		};
		ADCFE59323DC968300091F98 /* Debug */ = {
			isa = XCBuildConfiguration;
			buildSettings = {
				ALWAYS_EMBED_SWIFT_STANDARD_LIBRARIES = YES;
				BUNDLE_LOADER = "$(TEST_HOST)";
				CODE_SIGN_STYLE = Automatic;
				DEVELOPMENT_TEAM = 5G6UDVSSXP;
				INFOPLIST_FILE = stackoverflowusersTests/Info.plist;
				IPHONEOS_DEPLOYMENT_TARGET = 13.2;
				LD_RUNPATH_SEARCH_PATHS = (
					"$(inherited)",
					"@executable_path/Frameworks",
					"@loader_path/Frameworks",
				);
				PRODUCT_BUNDLE_IDENTIFIER = com.afonsocoelho.stackoverflowusersTests;
				PRODUCT_NAME = "$(TARGET_NAME)";
				SWIFT_VERSION = 5.0;
				TARGETED_DEVICE_FAMILY = "1,2";
				TEST_HOST = "$(BUILT_PRODUCTS_DIR)/stackoverflowusers.app/stackoverflowusers";
			};
			name = Debug;
		};
		ADCFE59423DC968300091F98 /* Release */ = {
			isa = XCBuildConfiguration;
			buildSettings = {
				ALWAYS_EMBED_SWIFT_STANDARD_LIBRARIES = YES;
				BUNDLE_LOADER = "$(TEST_HOST)";
				CODE_SIGN_STYLE = Automatic;
				DEVELOPMENT_TEAM = 5G6UDVSSXP;
				INFOPLIST_FILE = stackoverflowusersTests/Info.plist;
				IPHONEOS_DEPLOYMENT_TARGET = 13.2;
				LD_RUNPATH_SEARCH_PATHS = (
					"$(inherited)",
					"@executable_path/Frameworks",
					"@loader_path/Frameworks",
				);
				PRODUCT_BUNDLE_IDENTIFIER = com.afonsocoelho.stackoverflowusersTests;
				PRODUCT_NAME = "$(TARGET_NAME)";
				SWIFT_VERSION = 5.0;
				TARGETED_DEVICE_FAMILY = "1,2";
				TEST_HOST = "$(BUILT_PRODUCTS_DIR)/stackoverflowusers.app/stackoverflowusers";
			};
			name = Release;
		};
/* End XCBuildConfiguration section */

/* Begin XCConfigurationList section */
		ADCFE56B23DC968200091F98 /* Build configuration list for PBXProject "stackoverflowusers" */ = {
			isa = XCConfigurationList;
			buildConfigurations = (
				ADCFE58D23DC968300091F98 /* Debug */,
				ADCFE58E23DC968300091F98 /* Release */,
			);
			defaultConfigurationIsVisible = 0;
			defaultConfigurationName = Release;
		};
		ADCFE58F23DC968300091F98 /* Build configuration list for PBXNativeTarget "stackoverflowusers" */ = {
			isa = XCConfigurationList;
			buildConfigurations = (
				ADCFE59023DC968300091F98 /* Debug */,
				ADCFE59123DC968300091F98 /* Release */,
			);
			defaultConfigurationIsVisible = 0;
			defaultConfigurationName = Release;
		};
		ADCFE59223DC968300091F98 /* Build configuration list for PBXNativeTarget "stackoverflowusersTests" */ = {
			isa = XCConfigurationList;
			buildConfigurations = (
				ADCFE59323DC968300091F98 /* Debug */,
				ADCFE59423DC968300091F98 /* Release */,
			);
			defaultConfigurationIsVisible = 0;
			defaultConfigurationName = Release;
		};
/* End XCConfigurationList section */
	};
	rootObject = ADCFE56823DC968200091F98 /* Project object */;
}
